
Microsoft Visual Studio Solution File, Format Version 12.00
# Visual Studio Version 17
VisualStudioVersion = 17.2.32519.379
MinimumVisualStudioVersion = 10.0.40219.1
Project("{FAE04EC0-301F-11D3-BF4B-00C04F79EFBC}") = "BankForm1", "BankForm1\BankForm1.csproj", "{B8B712AD-15A0-4C12-BA38-5D3FF42217EE}"
EndProject
Global
	GlobalSection(SolutionConfigurationPlatforms) = preSolution
		Debug|Any CPU = Debug|Any CPU
		Release|Any CPU = Release|Any CPU
	EndGlobalSection
	GlobalSection(ProjectConfigurationPlatforms) = postSolution
		{B8B712AD-15A0-4C12-BA38-5D3FF42217EE}.Debug|Any CPU.ActiveCfg = Debug|Any CPU
		{B8B712AD-15A0-4C12-BA38-5D3FF42217EE}.Debug|Any CPU.Build.0 = Debug|Any CPU
		{B8B712AD-15A0-4C12-BA38-5D3FF42217EE}.Release|Any CPU.ActiveCfg = Release|Any CPU
		{B8B712AD-15A0-4C12-BA38-5D3FF42217EE}.Release|Any CPU.Build.0 = Release|Any CPU
	EndGlobalSection
	GlobalSection(SolutionProperties) = preSolution
		HideSolutionNode = FALSE
	EndGlobalSection
	GlobalSection(ExtensibilityGlobals) = postSolution
		SolutionGuid = {9797BDA4-67F8-4346-83A3-FD27B21FFE17}
	EndGlobalSection
EndGlobal
